
Microsoft Visual Studio Solution File, Format Version 12.00
# Visual Studio Version 17
VisualStudioVersion = 17.0.31903.59
MinimumVisualStudioVersion = 10.0.40219.1
Project("{FAE04EC0-301F-11D3-BF4B-00C04F79EFBC}") = "Orcan.Api", "Orcan.Api\Orcan.Api.csproj", "{DD15B2EF-6BAE-4267-8501-25C33A1EFF98}"
EndProject
Project("{FAE04EC0-301F-11D3-BF4B-00C04F79EFBC}") = "Orcan.Core", "Orcan.Core\Orcan.Core.csproj", "{CE8DF643-FCB6-4E2A-A340-C54A39998515}"
EndProject
Project("{FAE04EC0-301F-11D3-BF4B-00C04F79EFBC}") = "Orcan.Web", "Orcan.Web\Orcan.Web.csproj", "{7A1F4018-7D51-4185-B96C-5FB7A1B391B8}"
EndProject
Global
	GlobalSection(SolutionConfigurationPlatforms) = preSolution
		Debug|Any CPU = Debug|Any CPU
		Release|Any CPU = Release|Any CPU
	EndGlobalSection
	GlobalSection(ProjectConfigurationPlatforms) = postSolution
		{DD15B2EF-6BAE-4267-8501-25C33A1EFF98}.Debug|Any CPU.ActiveCfg = Debug|Any CPU
		{DD15B2EF-6BAE-4267-8501-25C33A1EFF98}.Debug|Any CPU.Build.0 = Debug|Any CPU
		{DD15B2EF-6BAE-4267-8501-25C33A1EFF98}.Release|Any CPU.ActiveCfg = Release|Any CPU
		{DD15B2EF-6BAE-4267-8501-25C33A1EFF98}.Release|Any CPU.Build.0 = Release|Any CPU
		{CE8DF643-FCB6-4E2A-A340-C54A39998515}.Debug|Any CPU.ActiveCfg = Debug|Any CPU
		{CE8DF643-FCB6-4E2A-A340-C54A39998515}.Debug|Any CPU.Build.0 = Debug|Any CPU
		{CE8DF643-FCB6-4E2A-A340-C54A39998515}.Release|Any CPU.ActiveCfg = Release|Any CPU
		{CE8DF643-FCB6-4E2A-A340-C54A39998515}.Release|Any CPU.Build.0 = Release|Any CPU
		{7A1F4018-7D51-4185-B96C-5FB7A1B391B8}.Debug|Any CPU.ActiveCfg = Debug|Any CPU
		{7A1F4018-7D51-4185-B96C-5FB7A1B391B8}.Debug|Any CPU.Build.0 = Debug|Any CPU
		{7A1F4018-7D51-4185-B96C-5FB7A1B391B8}.Release|Any CPU.ActiveCfg = Release|Any CPU
		{7A1F4018-7D51-4185-B96C-5FB7A1B391B8}.Release|Any CPU.Build.0 = Release|Any CPU
	EndGlobalSection
	GlobalSection(SolutionProperties) = preSolution
		HideSolutionNode = FALSE
	EndGlobalSection
EndGlobal
